
Microsoft Visual Studio Solution File, Format Version 12.00
# Visual Studio 14
VisualStudioVersion = 14.0.25123.0
MinimumVisualStudioVersion = 10.0.40219.1
Project("{FAE04EC0-301F-11D3-BF4B-00C04F79EFBC}") = "AutoMatedAutomatedTellerMachine", "AutoMatedAutomatedTellerMachine\AutoMatedAutomatedTellerMachine.csproj", "{903ED886-DDFB-46CB-9AC3-72BD06E72D24}"
EndProject
Project("{FAE04EC0-301F-11D3-BF4B-00C04F79EFBC}") = "AutoMatedAutomatedTellerMachine.Tests", "AutoMatedAutomatedTellerMachine.Tests\AutoMatedAutomatedTellerMachine.Tests.csproj", "{F959C8C9-F87C-4134-98F5-51FC3AF8BCD3}"
EndProject
Global
	GlobalSection(SolutionConfigurationPlatforms) = preSolution
		Debug|Any CPU = Debug|Any CPU
		Release|Any CPU = Release|Any CPU
	EndGlobalSection
	GlobalSection(ProjectConfigurationPlatforms) = postSolution
		{903ED886-DDFB-46CB-9AC3-72BD06E72D24}.Debug|Any CPU.ActiveCfg = Debug|Any CPU
		{903ED886-DDFB-46CB-9AC3-72BD06E72D24}.Debug|Any CPU.Build.0 = Debug|Any CPU
		{903ED886-DDFB-46CB-9AC3-72BD06E72D24}.Release|Any CPU.ActiveCfg = Release|Any CPU
		{903ED886-DDFB-46CB-9AC3-72BD06E72D24}.Release|Any CPU.Build.0 = Release|Any CPU
		{F959C8C9-F87C-4134-98F5-51FC3AF8BCD3}.Debug|Any CPU.ActiveCfg = Debug|Any CPU
		{F959C8C9-F87C-4134-98F5-51FC3AF8BCD3}.Debug|Any CPU.Build.0 = Debug|Any CPU
		{F959C8C9-F87C-4134-98F5-51FC3AF8BCD3}.Release|Any CPU.ActiveCfg = Release|Any CPU
		{F959C8C9-F87C-4134-98F5-51FC3AF8BCD3}.Release|Any CPU.Build.0 = Release|Any CPU
	EndGlobalSection
	GlobalSection(SolutionProperties) = preSolution
		HideSolutionNode = FALSE
	EndGlobalSection
EndGlobal
